{
  "name": "@agents-os/casebook-cli",
  "version": "0.7.0",
  "lockfileVersion": 3,
  "requires": true,
  "packages": {
    "": {
      "name": "@agents-os/casebook-cli",
      "version": "0.7.0",
      "bin": {
        "casebook": "bin/casebook.mjs"
      },
      "engines": {
        "node": ">=22"
      }
    }
  }
}
