{
  "name": "@agents-os/steward",
  "version": "1.0.0",
  "lockfileVersion": 3,
  "requires": true,
  "packages": {
    "": {
      "name": "@agents-os/steward",
      "version": "1.0.0",
      "bin": {
        "steward": "bin/steward.mjs"
      },
      "engines": {
        "node": ">=22"
      }
    }
  }
}
